# This file is generated by running "yarn install" inside your project.
# Manual changes might be lost - proceed with caution!

__metadata:
  version: 5
  cacheKey: 8

"@babel/runtime@npm:7.9.6":
  version: 7.9.6
  resolution: "@babel/runtime@npm:7.9.6"
  dependencies:
    regenerator-runtime: ^0.13.4
  checksum: 67cd41b670af1b2c5f7b5f0fb385b025dd645bfea0e43c0a46edf7599f84312383278333d023b9624743c986183076c96fbfeb9f8d302fe79bd134fa669d9a5c
  languageName: node
  linkType: hard

"@babel/runtime@npm:^7.6.2":
  version: 7.17.2
  resolution: "@babel/runtime@npm:7.17.2"
  dependencies:
    regenerator-runtime: ^0.13.4
  checksum: a48702d271ecc59c09c397856407afa29ff980ab537b3da58eeee1aeaa0f545402d340a1680c9af58aec94dfdcbccfb6abb211991b74686a86d03d3f6956cacd
  languageName: node
  linkType: hard

"@next/env@npm:12.1.0":
  version: 12.1.0
  resolution: "@next/env@npm:12.1.0"
  checksum: 31037e019846a2c3eeb106d64d54084e0b86d1b9b92fdb7332eeb39d94cb4a8e11ddab1a088088f7aea7b60a4cb57781815539676fddedf4305f19f8c8bf5b7f
  languageName: node
  linkType: hard

"@next/swc-android-arm64@npm:12.1.0":
  version: 12.1.0
  resolution: "@next/swc-android-arm64@npm:12.1.0"
  conditions: os=android & cpu=arm64
  languageName: node
  linkType: hard

"@next/swc-darwin-arm64@npm:12.1.0":
  version: 12.1.0
  resolution: "@next/swc-darwin-arm64@npm:12.1.0"
  conditions: os=darwin & cpu=arm64
  languageName: node
  linkType: hard

"@next/swc-darwin-x64@npm:12.1.0":
  version: 12.1.0
  resolution: "@next/swc-darwin-x64@npm:12.1.0"
  conditions: os=darwin & cpu=x64
  languageName: node
  linkType: hard

"@next/swc-linux-arm-gnueabihf@npm:12.1.0":
  version: 12.1.0
  resolution: "@next/swc-linux-arm-gnueabihf@npm:12.1.0"
  conditions: os=linux & cpu=arm
  languageName: node
  linkType: hard

"@next/swc-linux-arm64-gnu@npm:12.1.0":
  version: 12.1.0
  resolution: "@next/swc-linux-arm64-gnu@npm:12.1.0"
  conditions: os=linux & cpu=arm64
  languageName: node
  linkType: hard

"@next/swc-linux-arm64-musl@npm:12.1.0":
  version: 12.1.0
  resolution: "@next/swc-linux-arm64-musl@npm:12.1.0"
  conditions: os=linux & cpu=arm64
  languageName: node
  linkType: hard

"@next/swc-linux-x64-gnu@npm:12.1.0":
  version: 12.1.0
  resolution: "@next/swc-linux-x64-gnu@npm:12.1.0"
  conditions: os=linux & cpu=x64
  languageName: node
  linkType: hard

"@next/swc-linux-x64-musl@npm:12.1.0":
  version: 12.1.0
  resolution: "@next/swc-linux-x64-musl@npm:12.1.0"
  conditions: os=linux & cpu=x64
  languageName: node
  linkType: hard

"@next/swc-win32-arm64-msvc@npm:12.1.0":
  version: 12.1.0
  resolution: "@next/swc-win32-arm64-msvc@npm:12.1.0"
  conditions: os=win32 & cpu=arm64
  languageName: node
  linkType: hard

"@next/swc-win32-ia32-msvc@npm:12.1.0":
  version: 12.1.0
  resolution: "@next/swc-win32-ia32-msvc@npm:12.1.0"
  conditions: os=win32 & cpu=ia32
  languageName: node
  linkType: hard

"@next/swc-win32-x64-msvc@npm:12.1.0":
  version: 12.1.0
  resolution: "@next/swc-win32-x64-msvc@npm:12.1.0"
  conditions: os=win32 & cpu=x64
  languageName: node
  linkType: hard

"@nextui-org/react@npm:^1.0.2-beta.4":
  version: 1.0.2-beta.4
  resolution: "@nextui-org/react@npm:1.0.2-beta.4"
  dependencies:
    "@babel/runtime": 7.9.6
    "@react-aria/focus": 3.5.0
    "@react-aria/label": 3.2.1
    "@react-aria/ssr": 3.1.0
    "@react-aria/utils": 3.11.0
    "@stitches/react": 1.2.6
  peerDependencies:
    react: ">=16.8.0"
    react-dom: ">=16.8.0"
  checksum: b034b9ef4a99c548fd7f350ef2b8f226d54dd3481caefcf22bc606cb7ea0e4e944e9f42c680bd5eac4e158447ceec6b687efb9c4ef2e8c0820ae73593d0312c2
  languageName: node
  linkType: hard

"@react-aria/focus@npm:3.5.0":
  version: 3.5.0
  resolution: "@react-aria/focus@npm:3.5.0"
  dependencies:
    "@babel/runtime": ^7.6.2
    "@react-aria/interactions": ^3.6.0
    "@react-aria/utils": ^3.9.0
    "@react-types/shared": ^3.9.0
    clsx: ^1.1.1
  peerDependencies:
    react: ^16.8.0 || ^17.0.0-rc.1
  checksum: c03d4433bdb1c19d3119b88bec4d44857cc7efaf9205b1b855731f768dd13231e4e88adb1352fd1c64b5ec0454038b8535d30a07e43b605f41d519ae81dbeb6b
  languageName: node
  linkType: hard

"@react-aria/interactions@npm:^3.6.0":
  version: 3.8.1
  resolution: "@react-aria/interactions@npm:3.8.1"
  dependencies:
    "@babel/runtime": ^7.6.2
    "@react-aria/utils": ^3.11.2
    "@react-types/shared": ^3.11.1
  peerDependencies:
    react: ^16.8.0 || ^17.0.0-rc.1
  checksum: a157f2ee29a5d252b0147627b6dd11c676a57580d436f2e70c7d5260d971e82b1c2f4c1164a4c65e72d7049a228f2e931f611c4260ed882317e4f6c7ae879b3e
  languageName: node
  linkType: hard

"@react-aria/label@npm:3.2.1":
  version: 3.2.1
  resolution: "@react-aria/label@npm:3.2.1"
  dependencies:
    "@babel/runtime": ^7.6.2
    "@react-aria/utils": ^3.10.0
    "@react-types/label": ^3.5.0
    "@react-types/shared": ^3.10.0
  peerDependencies:
    react: ^16.8.0 || ^17.0.0-rc.1
  checksum: c66cc571962f24c0ab89517cf0b79858af8bfeb74361516298a3a3fd0ce29f38f1200c93d2ad305d670f57ff00a94b1fe235591824e2cbacec931f2d43308174
  languageName: node
  linkType: hard

"@react-aria/ssr@npm:3.1.0":
  version: 3.1.0
  resolution: "@react-aria/ssr@npm:3.1.0"
  dependencies:
    "@babel/runtime": ^7.6.2
  peerDependencies:
    react: ^16.8.0 || ^17.0.0-rc.1
  checksum: ae376d45dbd19e990891353a2eee10c13f3b54dbd807a2e528928983741c0ea9dbfefcc132c46c685e53440a53f7be82bd36a5c61bdfaec3c3518f02ae444e7f
  languageName: node
  linkType: hard

"@react-aria/ssr@npm:^3.1.0, @react-aria/ssr@npm:^3.1.2":
  version: 3.1.2
  resolution: "@react-aria/ssr@npm:3.1.2"
  dependencies:
    "@babel/runtime": ^7.6.2
  peerDependencies:
    react: ^16.8.0 || ^17.0.0-rc.1
  checksum: 86ba84fa3a7197b04cfbbd2d2f60d45d07345bd2a48d0d10b303d1bad98a652b58bf76b9d820f7b4dce063531e65ed268eb55cd974e11a5b4d125d28e638ba8b
  languageName: node
  linkType: hard

"@react-aria/utils@npm:3.11.0":
  version: 3.11.0
  resolution: "@react-aria/utils@npm:3.11.0"
  dependencies:
    "@babel/runtime": ^7.6.2
    "@react-aria/ssr": ^3.1.0
    "@react-stately/utils": ^3.3.0
    "@react-types/shared": ^3.10.1
    clsx: ^1.1.1
  peerDependencies:
    react: ^16.8.0 || ^17.0.0-rc.1
  checksum: 9ae1d8fdc0c6eff43accd1260da9db6b07c6cd7d98720391aedc6b47e41e715139dbb29a29ae89a841a63bfb1b9d65a10684c0dfb885d38b7b99bd4645ca074a
  languageName: node
  linkType: hard

"@react-aria/utils@npm:^3.10.0, @react-aria/utils@npm:^3.11.2, @react-aria/utils@npm:^3.9.0":
  version: 3.11.2
  resolution: "@react-aria/utils@npm:3.11.2"
  dependencies:
    "@babel/runtime": ^7.6.2
    "@react-aria/ssr": ^3.1.2
    "@react-stately/utils": ^3.4.1
    "@react-types/shared": ^3.11.1
    clsx: ^1.1.1
  peerDependencies:
    react: ^16.8.0 || ^17.0.0-rc.1
  checksum: 6071935e79c181482980e91c1eb52811318bdadbdfa575d6a0bac25bc23d30518e9ec98b56a931072c1df8eb46826671006aa264818ab475a1b8a3fade552bec
  languageName: node
  linkType: hard

"@react-stately/utils@npm:^3.3.0, @react-stately/utils@npm:^3.4.1":
  version: 3.4.1
  resolution: "@react-stately/utils@npm:3.4.1"
  dependencies:
    "@babel/runtime": ^7.6.2
  peerDependencies:
    react: ^16.8.0 || ^17.0.0-rc.1
  checksum: a6494720dc6ca7fbe9986f407f6e62988b45f51747fb655b4ec87289896fe96e560c60270f1e987ddeca1749fa255c521550fda777f185fc7e66b8324f182f1e
  languageName: node
  linkType: hard

"@react-types/label@npm:^3.5.0":
  version: 3.5.2
  resolution: "@react-types/label@npm:3.5.2"
  dependencies:
    "@react-types/shared": ^3.11.1
  peerDependencies:
    react: ^16.8.0 || ^17.0.0-rc.1
  checksum: 88d92ab7da2d557e70e1ba90d46eb4ad2fe69ed296f4c1abd6f957861a7f02e9731a06e756bc260c1352ca58306b16d13f3760c5d8fcba040e4b150a25e10e59
  languageName: node
  linkType: hard

"@react-types/shared@npm:^3.10.0, @react-types/shared@npm:^3.10.1, @react-types/shared@npm:^3.11.1, @react-types/shared@npm:^3.9.0":
  version: 3.11.1
  resolution: "@react-types/shared@npm:3.11.1"
  peerDependencies:
    react: ^16.8.0 || ^17.0.0-rc.1
  checksum: 5d96e63a985227cc98a9172686690f7f58cfc7e8026765e4efd364dd7e059986d1e239453bb19f018b2d369717c28825b386471d1f21fc10ce5c50a3f05d1fba
  languageName: node
  linkType: hard

"@stitches/react@npm:1.2.6":
  version: 1.2.6
  resolution: "@stitches/react@npm:1.2.6"
  peerDependencies:
    react: ">= 16.3.0"
  checksum: 416088cdde17a22d6cdb04cf1cf756c6e5fc291dd7e41f82ce422bb95432ad32b6d990e7264d996d367c40bbc674d61be087e4e1f7b23eea7f81ef6266373a9c
  languageName: node
  linkType: hard

"@types/node@npm:^17.0.18":
  version: 17.0.18
  resolution: "@types/node@npm:17.0.18"
  checksum: 6c4edfc2b3ba2342a9c3d56e934c5245948ab752f4dc04bd6790b9603e6ebc53bc4f5befc3662e207f7dba2ddd17ccf657f915e319ea7cdd4f77b851079d1611
  languageName: node
  linkType: hard

"@types/prop-types@npm:*":
  version: 15.7.4
  resolution: "@types/prop-types@npm:15.7.4"
  checksum: ef6e1899e59b876c273811b1bd845022fc66d5a3d11cb38a25b6c566b30514ae38fe20a40f67622f362a4f4f7f9224e22d8da101cff3d6e97e11d7b4c307cfc1
  languageName: node
  linkType: hard

"@types/react@npm:^17.0.39":
  version: 17.0.39
  resolution: "@types/react@npm:17.0.39"
  dependencies:
    "@types/prop-types": "*"
    "@types/scheduler": "*"
    csstype: ^3.0.2
  checksum: bf04d3c2894559012710d595553e12b422d3b91cd8f4f7e122d8cb044ba9c2ba17f6e8a4e09581359cc5509ddc59cd8c8fabd6774f3505a40a45393f074d6e6e
  languageName: node
  linkType: hard

"@types/scheduler@npm:*":
  version: 0.16.2
  resolution: "@types/scheduler@npm:0.16.2"
  checksum: b6b4dcfeae6deba2e06a70941860fb1435730576d3689225a421280b7742318d1548b3d22c1f66ab68e414f346a9542f29240bc955b6332c5b11e561077583bc
  languageName: node
  linkType: hard

"caniuse-lite@npm:^1.0.30001283":
  version: 1.0.30001312
  resolution: "caniuse-lite@npm:1.0.30001312"
  checksum: 753fb9ea1e02e999430b323a71b5acab5120f3b5fc0161b01669f54a3ef5c5296240b6ae9b79b12a3742e3aed216aa9ee3d5398a23c16d08625ccd376b79545d
  languageName: node
  linkType: hard

"clsx@npm:^1.1.1":
  version: 1.1.1
  resolution: "clsx@npm:1.1.1"
  checksum: ff052650329773b9b245177305fc4c4dc3129f7b2be84af4f58dc5defa99538c61d4207be7419405a5f8f3d92007c954f4daba5a7b74e563d5de71c28c830063
  languageName: node
  linkType: hard

"csstype@npm:^3.0.2":
  version: 3.0.10
  resolution: "csstype@npm:3.0.10"
  checksum: 20a8fa324f2b33ddf94aa7507d1b6ab3daa6f3cc308888dc50126585d7952f2471de69b2dbe0635d1fdc31223fef8e070842691877e725caf456e2378685a631
  languageName: node
  linkType: hard

"js-tokens@npm:^3.0.0 || ^4.0.0":
  version: 4.0.0
  resolution: "js-tokens@npm:4.0.0"
  checksum: 8a95213a5a77deb6cbe94d86340e8d9ace2b93bc367790b260101d2f36a2eaf4e4e22d9fa9cf459b38af3a32fb4190e638024cf82ec95ef708680e405ea7cc78
  languageName: node
  linkType: hard

"loose-envify@npm:^1.1.0":
  version: 1.4.0
  resolution: "loose-envify@npm:1.4.0"
  dependencies:
    js-tokens: ^3.0.0 || ^4.0.0
  bin:
    loose-envify: cli.js
  checksum: 6517e24e0cad87ec9888f500c5b5947032cdfe6ef65e1c1936a0c48a524b81e65542c9c3edc91c97d5bddc806ee2a985dbc79be89215d613b1de5db6d1cfe6f4
  languageName: node
  linkType: hard

"nanoid@npm:^3.1.30":
  version: 3.3.1
  resolution: "nanoid@npm:3.3.1"
  bin:
    nanoid: bin/nanoid.cjs
  checksum: 4ef0969e1bbe866fc223eb32276cbccb0961900bfe79104fa5abe34361979dead8d0e061410a5c03bc3d47455685adf32c09d6f27790f4a6898fb51f7df7ec86
  languageName: node
  linkType: hard

"next@npm:^12.1.0":
  version: 12.1.0
  resolution: "next@npm:12.1.0"
  dependencies:
    "@next/env": 12.1.0
    "@next/swc-android-arm64": 12.1.0
    "@next/swc-darwin-arm64": 12.1.0
    "@next/swc-darwin-x64": 12.1.0
    "@next/swc-linux-arm-gnueabihf": 12.1.0
    "@next/swc-linux-arm64-gnu": 12.1.0
    "@next/swc-linux-arm64-musl": 12.1.0
    "@next/swc-linux-x64-gnu": 12.1.0
    "@next/swc-linux-x64-musl": 12.1.0
    "@next/swc-win32-arm64-msvc": 12.1.0
    "@next/swc-win32-ia32-msvc": 12.1.0
    "@next/swc-win32-x64-msvc": 12.1.0
    caniuse-lite: ^1.0.30001283
    postcss: 8.4.5
    styled-jsx: 5.0.0
    use-subscription: 1.5.1
  peerDependencies:
    fibers: ">= 3.1.0"
    node-sass: ^6.0.0 || ^7.0.0
    react: ^17.0.2 || ^18.0.0-0
    react-dom: ^17.0.2 || ^18.0.0-0
    sass: ^1.3.0
  dependenciesMeta:
    "@next/swc-android-arm64":
      optional: true
    "@next/swc-darwin-arm64":
      optional: true
    "@next/swc-darwin-x64":
      optional: true
    "@next/swc-linux-arm-gnueabihf":
      optional: true
    "@next/swc-linux-arm64-gnu":
      optional: true
    "@next/swc-linux-arm64-musl":
      optional: true
    "@next/swc-linux-x64-gnu":
      optional: true
    "@next/swc-linux-x64-musl":
      optional: true
    "@next/swc-win32-arm64-msvc":
      optional: true
    "@next/swc-win32-ia32-msvc":
      optional: true
    "@next/swc-win32-x64-msvc":
      optional: true
  peerDependenciesMeta:
    fibers:
      optional: true
    node-sass:
      optional: true
    sass:
      optional: true
  bin:
    next: dist/bin/next
  checksum: 36dbafd5e640c420446dc05077f858ae4a8aaf5f91feb3c6c16c1b3f50b9fb63f743ef282a3bf0c68645442bef8aee643492f6dc62388a17f87064cde064d181
  languageName: node
  linkType: hard

"object-assign@npm:^4.1.1":
  version: 4.1.1
  resolution: "object-assign@npm:4.1.1"
  checksum: fcc6e4ea8c7fe48abfbb552578b1c53e0d194086e2e6bbbf59e0a536381a292f39943c6e9628af05b5528aa5e3318bb30d6b2e53cadaf5b8fe9e12c4b69af23f
  languageName: node
  linkType: hard

"picocolors@npm:^1.0.0":
  version: 1.0.0
  resolution: "picocolors@npm:1.0.0"
  checksum: a2e8092dd86c8396bdba9f2b5481032848525b3dc295ce9b57896f931e63fc16f79805144321f72976383fc249584672a75cc18d6777c6b757603f372f745981
  languageName: node
  linkType: hard

"playin-w-firebase@workspace:.":
  version: 0.0.0-use.local
  resolution: "playin-w-firebase@workspace:."
  dependencies:
    "@nextui-org/react": ^1.0.2-beta.4
    "@types/node": ^17.0.18
    "@types/react": ^17.0.39
    next: ^12.1.0
    react: ^17.0.2
    react-dom: ^17.0.2
    typescript: ^4.5.5
  languageName: unknown
  linkType: soft

"postcss@npm:8.4.5":
  version: 8.4.5
  resolution: "postcss@npm:8.4.5"
  dependencies:
    nanoid: ^3.1.30
    picocolors: ^1.0.0
    source-map-js: ^1.0.1
  checksum: b78abdd89c10f7b48f4bdcd376104a19d6e9c7495ab521729bdb3df315af6c211360e9f06887ad3bc0ab0f61a04b91d68ea11462997c79cced58b9ccd66fac07
  languageName: node
  linkType: hard

"react-dom@npm:^17.0.2":
  version: 17.0.2
  resolution: "react-dom@npm:17.0.2"
  dependencies:
    loose-envify: ^1.1.0
    object-assign: ^4.1.1
    scheduler: ^0.20.2
  peerDependencies:
    react: 17.0.2
  checksum: 1c1eaa3bca7c7228d24b70932e3d7c99e70d1d04e13bb0843bbf321582bc25d7961d6b8a6978a58a598af2af496d1cedcfb1bf65f6b0960a0a8161cb8dab743c
  languageName: node
  linkType: hard

"react@npm:^17.0.2":
  version: 17.0.2
  resolution: "react@npm:17.0.2"
  dependencies:
    loose-envify: ^1.1.0
    object-assign: ^4.1.1
  checksum: b254cc17ce3011788330f7bbf383ab653c6848902d7936a87b09d835d091e3f295f7e9dd1597c6daac5dc80f90e778c8230218ba8ad599f74adcc11e33b9d61b
  languageName: node
  linkType: hard

"regenerator-runtime@npm:^0.13.4":
  version: 0.13.9
  resolution: "regenerator-runtime@npm:0.13.9"
  checksum: 65ed455fe5afd799e2897baf691ca21c2772e1a969d19bb0c4695757c2d96249eb74ee3553ea34a91062b2a676beedf630b4c1551cc6299afb937be1426ec55e
  languageName: node
  linkType: hard

"scheduler@npm:^0.20.2":
  version: 0.20.2
  resolution: "scheduler@npm:0.20.2"
  dependencies:
    loose-envify: ^1.1.0
    object-assign: ^4.1.1
  checksum: c4b35cf967c8f0d3e65753252d0f260271f81a81e427241295c5a7b783abf4ea9e905f22f815ab66676f5313be0a25f47be582254db8f9241b259213e999b8fc
  languageName: node
  linkType: hard

"source-map-js@npm:^1.0.1":
  version: 1.0.2
  resolution: "source-map-js@npm:1.0.2"
  checksum: c049a7fc4deb9a7e9b481ae3d424cc793cb4845daa690bc5a05d428bf41bf231ced49b4cf0c9e77f9d42fdb3d20d6187619fc586605f5eabe995a316da8d377c
  languageName: node
  linkType: hard

"styled-jsx@npm:5.0.0":
  version: 5.0.0
  resolution: "styled-jsx@npm:5.0.0"
  peerDependencies:
    react: ">= 16.8.0 || 17.x.x || 18.x.x"
  peerDependenciesMeta:
    "@babel/core":
      optional: true
    babel-plugin-macros:
      optional: true
  checksum: 4958238ac8b8e90ac7d906aca3821e3ffb0c70c34c78b87d27f0f11c830c8237c8f4c0e7952dc51373d6fa097b16a023dcc7c9ededd402d8483b5ed2d8cefda9
  languageName: node
  linkType: hard

"typescript@npm:^4.5.5":
  version: 4.5.5
  resolution: "typescript@npm:4.5.5"
  bin:
    tsc: bin/tsc
    tsserver: bin/tsserver
  checksum: 506f4c919dc8aeaafa92068c997f1d213b9df4d9756d0fae1a1e7ab66b585ab3498050e236113a1c9e57ee08c21ec6814ca7a7f61378c058d79af50a4b1f5a5e
  languageName: node
  linkType: hard

"typescript@patch:typescript@^4.5.5#~builtin<compat/typescript>":
  version: 4.5.5
  resolution: "typescript@patch:typescript@npm%3A4.5.5#~builtin<compat/typescript>::version=4.5.5&hash=493e53"
  bin:
    tsc: bin/tsc
    tsserver: bin/tsserver
  checksum: c05c318d79c690f101d7ffb34cd6c7d6bbd884d3af9cefe7749ad0cd6be43c7082f098280982ca945dcba23fde34a08fed9602bb26540936baf8c0520727d3ba
  languageName: node
  linkType: hard

"use-subscription@npm:1.5.1":
  version: 1.5.1
  resolution: "use-subscription@npm:1.5.1"
  dependencies:
    object-assign: ^4.1.1
  peerDependencies:
    react: ^16.8.0 || ^17.0.0
  checksum: 96e64977a573244fd11350a3141b2cf57fb72dd9dd902f387c8a0a565d0a948bc81588bd7378c6ef6defc0d1119f37f73aac4a7a287c8443abd444bd4e7bbea8
  languageName: node
  linkType: hard
